# THIS IS AN AUTOGENERATED FILE. DO NOT EDIT THIS FILE DIRECTLY.
# yarn lockfile v1


type-fest@^3.2.0:
  version "3.2.0"
  resolved "https://registry.yarnpkg.com/type-fest/-/type-fest-3.2.0.tgz#2c8b49e775d9e314a73ea6fcee0b2e8549d5f886"
  integrity sha512-Il3wdLRzWvbAEtocgxGQA9YOoRVeVUGOMBtel5LdEpNeEAol6GJTLw8GbX6Z8EIMfvfhoOXs2bwOijtAZdK5og==

typescript@^4.9.3:
  version "4.9.3"
  resolved "https://registry.yarnpkg.com/typescript/-/typescript-4.9.3.tgz#3aea307c1746b8c384435d8ac36b8a2e580d85db"
  integrity sha512-CIfGzTelbKNEnLpLdGFgdyKhG23CKdKgQPOBc+OUNrkJ2vr+KSzsSV5kq5iWhEQbok+quxgGzrAtGWCyU7tHnA==
